
Microsoft Visual Studio Solution File, Format Version 12.00
# Visual Studio Version 17
VisualStudioVersion = 17.2.32526.322
MinimumVisualStudioVersion = 10.0.40219.1
Project("{FAE04EC0-301F-11D3-BF4B-00C04F79EFBC}") = "registerAndLoginProject", "registerAndLoginProject\registerAndLoginProject.csproj", "{28C62B88-E920-4E44-B53E-AD8DF91E7B68}"
EndProject
Global
	GlobalSection(SolutionConfigurationPlatforms) = preSolution
		Debug|Any CPU = Debug|Any CPU
		Release|Any CPU = Release|Any CPU
	EndGlobalSection
	GlobalSection(ProjectConfigurationPlatforms) = postSolution
		{28C62B88-E920-4E44-B53E-AD8DF91E7B68}.Debug|Any CPU.ActiveCfg = Debug|Any CPU
		{28C62B88-E920-4E44-B53E-AD8DF91E7B68}.Debug|Any CPU.Build.0 = Debug|Any CPU
		{28C62B88-E920-4E44-B53E-AD8DF91E7B68}.Release|Any CPU.ActiveCfg = Release|Any CPU
		{28C62B88-E920-4E44-B53E-AD8DF91E7B68}.Release|Any CPU.Build.0 = Release|Any CPU
	EndGlobalSection
	GlobalSection(SolutionProperties) = preSolution
		HideSolutionNode = FALSE
	EndGlobalSection
	GlobalSection(ExtensibilityGlobals) = postSolution
		SolutionGuid = {F5A9C943-4A05-4E54-81E1-5B178D05A48B}
	EndGlobalSection
EndGlobal
